
Microsoft Visual Studio Solution File, Format Version 12.00
# Visual Studio 15
VisualStudioVersion = 15.0.26228.12
MinimumVisualStudioVersion = 10.0.40219.1
Project("{FAE04EC0-301F-11D3-BF4B-00C04F79EFBC}") = "GRM.Consle", "GRM.Consle\GRM.Consle.csproj", "{B019C15F-CCC1-4634-9F4E-4239E19D00BC}"
EndProject
Global
	GlobalSection(SolutionConfigurationPlatforms) = preSolution
		Debug|Any CPU = Debug|Any CPU
		Release|Any CPU = Release|Any CPU
	EndGlobalSection
	GlobalSection(ProjectConfigurationPlatforms) = postSolution
		{B019C15F-CCC1-4634-9F4E-4239E19D00BC}.Debug|Any CPU.ActiveCfg = Debug|Any CPU
		{B019C15F-CCC1-4634-9F4E-4239E19D00BC}.Debug|Any CPU.Build.0 = Debug|Any CPU
		{B019C15F-CCC1-4634-9F4E-4239E19D00BC}.Release|Any CPU.ActiveCfg = Release|Any CPU
		{B019C15F-CCC1-4634-9F4E-4239E19D00BC}.Release|Any CPU.Build.0 = Release|Any CPU
	EndGlobalSection
	GlobalSection(SolutionProperties) = preSolution
		HideSolutionNode = FALSE
	EndGlobalSection
EndGlobal
